
Microsoft Visual Studio Solution File, Format Version 12.00
# Visual Studio 15
VisualStudioVersion = 15.0.26403.7
MinimumVisualStudioVersion = 10.0.40219.1
Project("{FAE04EC0-301F-11D3-BF4B-00C04F79EFBC}") = "002 - EvenFibb", "002 - EvenFibb\002 - EvenFibb.csproj", "{2F42BF16-3DCF-4336-B3D0-8B47637C6C74}"
EndProject
Project("{FAE04EC0-301F-11D3-BF4B-00C04F79EFBC}") = "001 - FivesAndThrees", "001 - FivesAndThrees\001 - FivesAndThrees.csproj", "{24F58A7A-8B4D-4E9D-A5C8-EC8EE1161C9F}"
EndProject
Project("{FAE04EC0-301F-11D3-BF4B-00C04F79EFBC}") = "003 - PrimeFactors", "003 - PrimeFactors\003 - PrimeFactors.csproj", "{68022624-DE29-4F3C-AFEF-5CF7EEF6A599}"
EndProject
Project("{FAE04EC0-301F-11D3-BF4B-00C04F79EFBC}") = "004 - PalindromicFactors", "004 - PalindromicFactors\004 - PalindromicFactors.csproj", "{13550AFC-BF7B-420D-9094-B85225C471D8}"
EndProject
Project("{FAE04EC0-301F-11D3-BF4B-00C04F79EFBC}") = "005 - SmallestMultiple", "005 - SmallestMultiple\005 - SmallestMultiple.csproj", "{63F20318-EA60-4C94-816C-BD802EB3D0DB}"
EndProject
Project("{FAE04EC0-301F-11D3-BF4B-00C04F79EFBC}") = "006 - SumSquares", "006 - SumSquares\006 - SumSquares.csproj", "{BF702C12-CDD0-4F66-A9A9-2B93F744D633}"
EndProject
Project("{FAE04EC0-301F-11D3-BF4B-00C04F79EFBC}") = "007 - 10001stPrime", "007 - 10001stPrime\007 - 10001stPrime.csproj", "{9285B02F-C15C-4814-9CD3-89E5F32894CD}"
EndProject
Project("{FAE04EC0-301F-11D3-BF4B-00C04F79EFBC}") = "008 - LargestProdInSeq", "008 - LargestProdInSeq\008 - LargestProdInSeq.csproj", "{6EBC2121-0F9E-40E4-8DCE-6D6C83D0BE37}"
EndProject
Project("{FAE04EC0-301F-11D3-BF4B-00C04F79EFBC}") = "009 - PythagTriplet", "009 - PythagTriplet\009 - PythagTriplet.csproj", "{AD3D0EDE-4F51-4A8D-B1F8-329153B5BFC8}"
EndProject
Global
	GlobalSection(SolutionConfigurationPlatforms) = preSolution
		Debug|Any CPU = Debug|Any CPU
		Release|Any CPU = Release|Any CPU
	EndGlobalSection
	GlobalSection(ProjectConfigurationPlatforms) = postSolution
		{2F42BF16-3DCF-4336-B3D0-8B47637C6C74}.Debug|Any CPU.ActiveCfg = Debug|Any CPU
		{2F42BF16-3DCF-4336-B3D0-8B47637C6C74}.Debug|Any CPU.Build.0 = Debug|Any CPU
		{2F42BF16-3DCF-4336-B3D0-8B47637C6C74}.Release|Any CPU.ActiveCfg = Release|Any CPU
		{2F42BF16-3DCF-4336-B3D0-8B47637C6C74}.Release|Any CPU.Build.0 = Release|Any CPU
		{24F58A7A-8B4D-4E9D-A5C8-EC8EE1161C9F}.Debug|Any CPU.ActiveCfg = Debug|Any CPU
		{24F58A7A-8B4D-4E9D-A5C8-EC8EE1161C9F}.Debug|Any CPU.Build.0 = Debug|Any CPU
		{24F58A7A-8B4D-4E9D-A5C8-EC8EE1161C9F}.Release|Any CPU.ActiveCfg = Release|Any CPU
		{24F58A7A-8B4D-4E9D-A5C8-EC8EE1161C9F}.Release|Any CPU.Build.0 = Release|Any CPU
		{68022624-DE29-4F3C-AFEF-5CF7EEF6A599}.Debug|Any CPU.ActiveCfg = Debug|Any CPU
		{68022624-DE29-4F3C-AFEF-5CF7EEF6A599}.Debug|Any CPU.Build.0 = Debug|Any CPU
		{68022624-DE29-4F3C-AFEF-5CF7EEF6A599}.Release|Any CPU.ActiveCfg = Release|Any CPU
		{68022624-DE29-4F3C-AFEF-5CF7EEF6A599}.Release|Any CPU.Build.0 = Release|Any CPU
		{13550AFC-BF7B-420D-9094-B85225C471D8}.Debug|Any CPU.ActiveCfg = Debug|Any CPU
		{13550AFC-BF7B-420D-9094-B85225C471D8}.Debug|Any CPU.Build.0 = Debug|Any CPU
		{13550AFC-BF7B-420D-9094-B85225C471D8}.Release|Any CPU.ActiveCfg = Release|Any CPU
		{13550AFC-BF7B-420D-9094-B85225C471D8}.Release|Any CPU.Build.0 = Release|Any CPU
		{63F20318-EA60-4C94-816C-BD802EB3D0DB}.Debug|Any CPU.ActiveCfg = Debug|Any CPU
		{63F20318-EA60-4C94-816C-BD802EB3D0DB}.Debug|Any CPU.Build.0 = Debug|Any CPU
		{63F20318-EA60-4C94-816C-BD802EB3D0DB}.Release|Any CPU.ActiveCfg = Release|Any CPU
		{63F20318-EA60-4C94-816C-BD802EB3D0DB}.Release|Any CPU.Build.0 = Release|Any CPU
		{BF702C12-CDD0-4F66-A9A9-2B93F744D633}.Debug|Any CPU.ActiveCfg = Debug|Any CPU
		{BF702C12-CDD0-4F66-A9A9-2B93F744D633}.Debug|Any CPU.Build.0 = Debug|Any CPU
		{BF702C12-CDD0-4F66-A9A9-2B93F744D633}.Release|Any CPU.ActiveCfg = Release|Any CPU
		{BF702C12-CDD0-4F66-A9A9-2B93F744D633}.Release|Any CPU.Build.0 = Release|Any CPU
		{9285B02F-C15C-4814-9CD3-89E5F32894CD}.Debug|Any CPU.ActiveCfg = Debug|Any CPU
		{9285B02F-C15C-4814-9CD3-89E5F32894CD}.Debug|Any CPU.Build.0 = Debug|Any CPU
		{9285B02F-C15C-4814-9CD3-89E5F32894CD}.Release|Any CPU.ActiveCfg = Release|Any CPU
		{9285B02F-C15C-4814-9CD3-89E5F32894CD}.Release|Any CPU.Build.0 = Release|Any CPU
		{6EBC2121-0F9E-40E4-8DCE-6D6C83D0BE37}.Debug|Any CPU.ActiveCfg = Debug|Any CPU
		{6EBC2121-0F9E-40E4-8DCE-6D6C83D0BE37}.Debug|Any CPU.Build.0 = Debug|Any CPU
		{6EBC2121-0F9E-40E4-8DCE-6D6C83D0BE37}.Release|Any CPU.ActiveCfg = Release|Any CPU
		{6EBC2121-0F9E-40E4-8DCE-6D6C83D0BE37}.Release|Any CPU.Build.0 = Release|Any CPU
		{AD3D0EDE-4F51-4A8D-B1F8-329153B5BFC8}.Debug|Any CPU.ActiveCfg = Debug|Any CPU
		{AD3D0EDE-4F51-4A8D-B1F8-329153B5BFC8}.Debug|Any CPU.Build.0 = Debug|Any CPU
		{AD3D0EDE-4F51-4A8D-B1F8-329153B5BFC8}.Release|Any CPU.ActiveCfg = Release|Any CPU
		{AD3D0EDE-4F51-4A8D-B1F8-329153B5BFC8}.Release|Any CPU.Build.0 = Release|Any CPU
	EndGlobalSection
	GlobalSection(SolutionProperties) = preSolution
		HideSolutionNode = FALSE
	EndGlobalSection
EndGlobal
